hash: 89dc84a5eccd1bf88b9cbf7f01ae8148763f766c4c7b9484a63bd7c8a75bd68e
updated: 2020-05-21T16:34:40.799396+06:00
imports:
- name: github.com/fsnotify/fsnotify
  version: 7f4cf4dd2b522a984eaca51d1ccee54101d3414a
- name: github.com/go-stack/stack
  version: 2fee6af1a9795aafbe0253a0cfbdf668e1fb8a9a
- name: github.com/golang/snappy
  version: ff6b7dc882cf4cfba7ee0b9f7dcc1ac096c554aa
- name: github.com/gorilla/mux
  version: 75dcda0896e109a2a22c9315bca3bb21b87b2ba5
- name: github.com/hashicorp/hcl
  version: 569ae818ccb3cf7a7192e329771f8f940feecbba
  subpackages:
  - hcl/ast
  - hcl/parser
  - hcl/printer
  - hcl/scanner
  - hcl/strconv
  - hcl/token
  - json/parser
  - json/scanner
  - json/token
- name: github.com/inconshreveable/mousetrap
  version: 76626ae9c91c4f2a10f34cad8ce83ea42c93bb75
- name: github.com/klauspost/compress
  version: ece71048d1b5163506abe5ad6e2f5794e374d843
  subpackages:
  - fse
  - huff0
  - snappy
  - zstd
  - zstd/internal/xxhash
- name: github.com/magiconair/properties
  version: a586bb8b7deaae2a0eb4c6c8b63a539425628137
- name: github.com/mitchellh/go-homedir
  version: af06845cf3004701891bf4fdb884bfe4920b3727
- name: github.com/mitchellh/mapstructure
  version: 14428cd8e72132155ec2f0f13c4eb93ffe620f7c
- name: github.com/pelletier/go-toml
  version: 16c9a8bdc086a2130a88eff98df4088e4c359bb2
- name: github.com/pkg/errors
  version: 614d223910a179a466c1767a985424175c39b465
- name: github.com/spf13/afero
  version: a7dc6ae3c554082bdae764146d3e05e3cf9334b8
  subpackages:
  - mem
- name: github.com/spf13/cast
  version: 1ffadf551085444af981432dd0f6d1160c11ec64
- name: github.com/spf13/cobra
  version: 94a87a7b83bda98e918cf7a4793f41372a5e4139
- name: github.com/spf13/jwalterweatherman
  version: 94f6ae3ed3bceceafa716478c5fbf8d29ca601a1
- name: github.com/spf13/pflag
  version: 81378bbcd8a1005f72b1e8d7579e5dd7b2d612ab
- name: github.com/spf13/viper
  version: 13df72109047b6ae9c907bce81e327265d6d8a9c
- name: github.com/subosito/gotenv
  version: de67a6614a4de71ad5e380b6946e56ab957d58c5
- name: github.com/xdg/scram
  version: 7eeb5667e42c09cb51bf7b7c28aea8c56767da90
- name: github.com/xdg/stringprep
  version: 73f8eece6fdcd902c185bf651de50f3828bed5ed
- name: go.mongodb.org/mongo-driver
  version: 21e280c95635166b64311808c2bd9b8d02b94f22
  subpackages:
  - bson
  - bson/bsoncodec
  - bson/bsonoptions
  - bson/bsonrw
  - bson/bsontype
  - bson/primitive
  - event
  - internal
  - mongo
  - mongo/options
  - mongo/readconcern
  - mongo/readpref
  - mongo/writeconcern
  - tag
  - version
  - x/bsonx
  - x/bsonx/bsoncore
  - x/mongo/driver
  - x/mongo/driver/address
  - x/mongo/driver/auth
  - x/mongo/driver/auth/internal/gssapi
  - x/mongo/driver/connstring
  - x/mongo/driver/description
  - x/mongo/driver/dns
  - x/mongo/driver/mongocrypt
  - x/mongo/driver/mongocrypt/options
  - x/mongo/driver/operation
  - x/mongo/driver/session
  - x/mongo/driver/topology
  - x/mongo/driver/uuid
  - x/mongo/driver/wiremessage
- name: golang.org/x/crypto
  version: 06a226fb4e3765ef3f48aa2852b401bc7b98e981
  subpackages:
  - pbkdf2
- name: golang.org/x/sync
  version: 43a5402ce75a95522677f77c619865d66b8c57ab
  subpackages:
  - semaphore
- name: golang.org/x/sys
  version: fe76b779f299728f3bd63f77ea2c815504229c3b
  subpackages:
  - internal/unsafeheader
  - unix
- name: golang.org/x/text
  version: 81608d7e9c6863c922f599e4ff1329a685218c0d
  subpackages:
  - transform
  - unicode/norm
- name: gopkg.in/ini.v1
  version: ad8a10643d24d67f464955e42b23e0d42d60fcb4
- name: gopkg.in/yaml.v2
  version: 0b1645d91e851e735d3e23330303ce81f70adbe3
testImports: []
